// !$*UTF8*$!
{
	archiveVersion = 1;
	classes = {
	};
	objectVersion = 51;
	objects = {

/* Begin PBXBuildFile section */
		0D79E86949FD2DFC24145539 /* Pods_HackDuke_SymMom2.framework in Frameworks */ = {isa = PBXBuildFile; fileRef = 92A9E4CB3DCEF1A16CEECF03 /* Pods_HackDuke_SymMom2.framework */; };
		3184F943257C0821005E73B8 /* AppDelegate.swift in Sources */ = {isa = PBXBuildFile; fileRef = 3184F942257C0821005E73B8 /* AppDelegate.swift */; };
		3184F945257C0821005E73B8 /* SceneDelegate.swift in Sources */ = {isa = PBXBuildFile; fileRef = 3184F944257C0821005E73B8 /* SceneDelegate.swift */; };
		3184F947257C0821005E73B8 /* ViewController.swift in Sources */ = {isa = PBXBuildFile; fileRef = 3184F946257C0821005E73B8 /* ViewController.swift */; };
		3184F94A257C0821005E73B8 /* Main.storyboard in Resources */ = {isa = PBXBuildFile; fileRef = 3184F948257C0821005E73B8 /* Main.storyboard */; };
		3184F94C257C0823005E73B8 /* Assets.xcassets in Resources */ = {isa = PBXBuildFile; fileRef = 3184F94B257C0823005E73B8 /* Assets.xcassets */; };
		3184F94F257C0823005E73B8 /* LaunchScreen.storyboard in Resources */ = {isa = PBXBuildFile; fileRef = 3184F94D257C0823005E73B8 /* LaunchScreen.storyboard */; };
		31C32727257C0F26009FCEAB /* GoogleService-Info.plist in Resources */ = {isa = PBXBuildFile; fileRef = 31C32726257C0F26009FCEAB /* GoogleService-Info.plist */; };
		31CCD87D257CB092001285B7 /* PatientAppt.swift in Sources */ = {isa = PBXBuildFile; fileRef = 31CCD87C257CB092001285B7 /* PatientAppt.swift */; };
		31D6434E257C9DF800C9A38A /* PatientData.swift in Sources */ = {isa = PBXBuildFile; fileRef = 31D6434D257C9DF800C9A38A /* PatientData.swift */; };
		774F1722257C20BE0046CC3E /* LoginVC.swift in Sources */ = {isa = PBXBuildFile; fileRef = 774F1721257C20BE0046CC3E /* LoginVC.swift */; };
		774F1725257C27C70046CC3E /* PatDocVC.swift in Sources */ = {isa = PBXBuildFile; fileRef = 774F1724257C27C70046CC3E /* PatDocVC.swift */; };
		774F173C257C38D60046CC3E /* DoctorMenuVC.swift in Sources */ = {isa = PBXBuildFile; fileRef = 774F173B257C38D60046CC3E /* DoctorMenuVC.swift */; };
		774F173F257C38E80046CC3E /* PatientMenuVC.swift in Sources */ = {isa = PBXBuildFile; fileRef = 774F173E257C38E80046CC3E /* PatientMenuVC.swift */; };
		774F1742257C3B2C0046CC3E /* PatientLoginVC.swift in Sources */ = {isa = PBXBuildFile; fileRef = 774F1741257C3B2C0046CC3E /* PatientLoginVC.swift */; };
		774F1745257C3B5C0046CC3E /* DoctorLoginVC.swift in Sources */ = {isa = PBXBuildFile; fileRef = 774F1744257C3B5C0046CC3E /* DoctorLoginVC.swift */; };
		77947939257C9B020091B40E /* PatientSymptomsVC.swift in Sources */ = {isa = PBXBuildFile; fileRef = 77947938257C9B020091B40E /* PatientSymptomsVC.swift */; };
		77947949257CA2770091B40E /* DoctorScheduleVC.swift in Sources */ = {isa = PBXBuildFile; fileRef = 77947948257CA2770091B40E /* DoctorScheduleVC.swift */; };
		7794794C257CA7F80091B40E /* SymptomsConfirmVC.swift in Sources */ = {isa = PBXBuildFile; fileRef = 7794794B257CA7F80091B40E /* SymptomsConfirmVC.swift */; };
		7794794F257CA82F0091B40E /* DScheduleConfirmVC.swift in Sources */ = {isa = PBXBuildFile; fileRef = 7794794E257CA82F0091B40E /* DScheduleConfirmVC.swift */; };
/* End PBXBuildFile section */

/* Begin PBXFileReference section */
		314B1FDB257C280200217CC6 /* HackDuke_SymMom2.entitlements */ = {isa = PBXFileReference; lastKnownFileType = text.plist.entitlements; path = HackDuke_SymMom2.entitlements; sourceTree = "<group>"; };
		3184F93F257C0821005E73B8 /* HackDuke_SymMom2.app */ = {isa = PBXFileReference; explicitFileType = wrapper.application; includeInIndex = 0; path = HackDuke_SymMom2.app; sourceTree = BUILT_PRODUCTS_DIR; };
		3184F942257C0821005E73B8 /* AppDelegate.swift */ = {isa = PBXFileReference; lastKnownFileType = sourcecode.swift; path = AppDelegate.swift; sourceTree = "<group>"; };
		3184F944257C0821005E73B8 /* SceneDelegate.swift */ = {isa = PBXFileReference; lastKnownFileType = sourcecode.swift; path = SceneDelegate.swift; sourceTree = "<group>"; };
		3184F946257C0821005E73B8 /* ViewController.swift */ = {isa = PBXFileReference; lastKnownFileType = sourcecode.swift; path = ViewController.swift; sourceTree = "<group>"; };
		3184F949257C0821005E73B8 /* Base */ = {isa = PBXFileReference; lastKnownFileType = file.storyboard; name = Base; path = Base.lproj/Main.storyboard; sourceTree = "<group>"; };
		3184F94B257C0823005E73B8 /* Assets.xcassets */ = {isa = PBXFileReference; lastKnownFileType = folder.assetcatalog; path = Assets.xcassets; sourceTree = "<group>"; };
		3184F94E257C0823005E73B8 /* Base */ = {isa = PBXFileReference; lastKnownFileType = file.storyboard; name = Base; path = Base.lproj/LaunchScreen.storyboard; sourceTree = "<group>"; };
		3184F950257C0823005E73B8 /* Info.plist */ = {isa = PBXFileReference; lastKnownFileType = text.plist.xml; path = Info.plist; sourceTree = "<group>"; };
		31C32726257C0F26009FCEAB /* GoogleService-Info.plist */ = {isa = PBXFileReference; fileEncoding = 4; lastKnownFileType = text.plist.xml; path = "GoogleService-Info.plist"; sourceTree = "<group>"; };
		31CCD87C257CB092001285B7 /* PatientAppt.swift */ = {isa = PBXFileReference; lastKnownFileType = sourcecode.swift; path = PatientAppt.swift; sourceTree = "<group>"; };
		31D6434D257C9DF800C9A38A /* PatientData.swift */ = {isa = PBXFileReference; lastKnownFileType = sourcecode.swift; path = PatientData.swift; sourceTree = "<group>"; };
		3E6783DEC0379548956274D1 /* Pods-HackDuke_SymMom2.debug.xcconfig */ = {isa = PBXFileReference; includeInIndex = 1; lastKnownFileType = text.xcconfig; name = "Pods-HackDuke_SymMom2.debug.xcconfig"; path = "Target Support Files/Pods-HackDuke_SymMom2/Pods-HackDuke_SymMom2.debug.xcconfig"; sourceTree = "<group>"; };
		774F1721257C20BE0046CC3E /* LoginVC.swift */ = {isa = PBXFileReference; lastKnownFileType = sourcecode.swift; path = LoginVC.swift; sourceTree = "<group>"; };
		774F1724257C27C70046CC3E /* PatDocVC.swift */ = {isa = PBXFileReference; lastKnownFileType = sourcecode.swift; path = PatDocVC.swift; sourceTree = "<group>"; };
		774F173B257C38D60046CC3E /* DoctorMenuVC.swift */ = {isa = PBXFileReference; lastKnownFileType = sourcecode.swift; path = DoctorMenuVC.swift; sourceTree = "<group>"; };
		774F173E257C38E80046CC3E /* PatientMenuVC.swift */ = {isa = PBXFileReference; lastKnownFileType = sourcecode.swift; path = PatientMenuVC.swift; sourceTree = "<group>"; };
		774F1741257C3B2C0046CC3E /* PatientLoginVC.swift */ = {isa = PBXFileReference; lastKnownFileType = sourcecode.swift; path = PatientLoginVC.swift; sourceTree = "<group>"; };
		774F1744257C3B5C0046CC3E /* DoctorLoginVC.swift */ = {isa = PBXFileReference; lastKnownFileType = sourcecode.swift; path = DoctorLoginVC.swift; sourceTree = "<group>"; };
		77947938257C9B020091B40E /* PatientSymptomsVC.swift */ = {isa = PBXFileReference; lastKnownFileType = sourcecode.swift; path = PatientSymptomsVC.swift; sourceTree = "<group>"; };
		77947948257CA2770091B40E /* DoctorScheduleVC.swift */ = {isa = PBXFileReference; lastKnownFileType = sourcecode.swift; path = DoctorScheduleVC.swift; sourceTree = "<group>"; };
		7794794B257CA7F80091B40E /* SymptomsConfirmVC.swift */ = {isa = PBXFileReference; lastKnownFileType = sourcecode.swift; path = SymptomsConfirmVC.swift; sourceTree = "<group>"; };
		7794794E257CA82F0091B40E /* DScheduleConfirmVC.swift */ = {isa = PBXFileReference; lastKnownFileType = sourcecode.swift; path = DScheduleConfirmVC.swift; sourceTree = "<group>"; };
		92A9E4CB3DCEF1A16CEECF03 /* Pods_HackDuke_SymMom2.framework */ = {isa = PBXFileReference; explicitFileType = wrapper.framework; includeInIndex = 0; path = Pods_HackDuke_SymMom2.framework; sourceTree = BUILT_PRODUCTS_DIR; };
		E1D64D9D39B68314811E6E47 /* Pods-HackDuke_SymMom2.release.xcconfig */ = {isa = PBXFileReference; includeInIndex = 1; lastKnownFileType = text.xcconfig; name = "Pods-HackDuke_SymMom2.release.xcconfig"; path = "Target Support Files/Pods-HackDuke_SymMom2/Pods-HackDuke_SymMom2.release.xcconfig"; sourceTree = "<group>"; };
/* End PBXFileReference section */

/* Begin PBXFrameworksBuildPhase section */
		3184F93C257C0821005E73B8 /* Frameworks */ = {
			isa = PBXFrameworksBuildPhase;
			buildActionMask = 2147483647;
			files = (
				0D79E86949FD2DFC24145539 /* Pods_HackDuke_SymMom2.framework in Frameworks */,
			);
			runOnlyForDeploymentPostprocessing = 0;
		};
/* End PBXFrameworksBuildPhase section */

/* Begin PBXGroup section */
		3184F936257C0821005E73B8 = {
			isa = PBXGroup;
			children = (
				3184F941257C0821005E73B8 /* HackDuke_SymMom2 */,
				3184F940257C0821005E73B8 /* Products */,
				D49D019701DA0C79B26F0A88 /* Pods */,
				443BFA1752BBC5E46E647B69 /* Frameworks */,
			);
			sourceTree = "<group>";
		};
		3184F940257C0821005E73B8 /* Products */ = {
			isa = PBXGroup;
			children = (
				3184F93F257C0821005E73B8 /* HackDuke_SymMom2.app */,
			);
			name = Products;
			sourceTree = "<group>";
		};
		3184F941257C0821005E73B8 /* HackDuke_SymMom2 */ = {
			isa = PBXGroup;
			children = (
				314B1FDB257C280200217CC6 /* HackDuke_SymMom2.entitlements */,
				31C32726257C0F26009FCEAB /* GoogleService-Info.plist */,
				3184F942257C0821005E73B8 /* AppDelegate.swift */,
				3184F944257C0821005E73B8 /* SceneDelegate.swift */,
				3184F946257C0821005E73B8 /* ViewController.swift */,
				774F1721257C20BE0046CC3E /* LoginVC.swift */,
				774F1741257C3B2C0046CC3E /* PatientLoginVC.swift */,
				3184F948257C0821005E73B8 /* Main.storyboard */,
				7794794E257CA82F0091B40E /* DScheduleConfirmVC.swift */,
				7794794B257CA7F80091B40E /* SymptomsConfirmVC.swift */,
				77947948257CA2770091B40E /* DoctorScheduleVC.swift */,
				77947938257C9B020091B40E /* PatientSymptomsVC.swift */,
				774F1744257C3B5C0046CC3E /* DoctorLoginVC.swift */,
				774F173B257C38D60046CC3E /* DoctorMenuVC.swift */,
				774F173E257C38E80046CC3E /* PatientMenuVC.swift */,
				3184F94B257C0823005E73B8 /* Assets.xcassets */,
				3184F94D257C0823005E73B8 /* LaunchScreen.storyboard */,
				3184F950257C0823005E73B8 /* Info.plist */,
				774F1724257C27C70046CC3E /* PatDocVC.swift */,
				31D6434D257C9DF800C9A38A /* PatientData.swift */,
				31CCD87C257CB092001285B7 /* PatientAppt.swift */,
			);
			path = HackDuke_SymMom2;
			sourceTree = "<group>";
		};
		443BFA1752BBC5E46E647B69 /* Frameworks */ = {
			isa = PBXGroup;
			children = (
				92A9E4CB3DCEF1A16CEECF03 /* Pods_HackDuke_SymMom2.framework */,
			);
			name = Frameworks;
			sourceTree = "<group>";
		};
		D49D019701DA0C79B26F0A88 /* Pods */ = {
			isa = PBXGroup;
			children = (
				3E6783DEC0379548956274D1 /* Pods-HackDuke_SymMom2.debug.xcconfig */,
				E1D64D9D39B68314811E6E47 /* Pods-HackDuke_SymMom2.release.xcconfig */,
			);
			path = Pods;
			sourceTree = "<group>";
		};
/* End PBXGroup section */

/* Begin PBXNativeTarget section */
		3184F93E257C0821005E73B8 /* HackDuke_SymMom2 */ = {
			isa = PBXNativeTarget;
			buildConfigurationList = 3184F953257C0823005E73B8 /* Build configuration list for PBXNativeTarget "HackDuke_SymMom2" */;
			buildPhases = (
				B7E3C9B016A16DF565CF8C71 /* [CP] Check Pods Manifest.lock */,
				3184F93B257C0821005E73B8 /* Sources */,
				3184F93C257C0821005E73B8 /* Frameworks */,
				3184F93D257C0821005E73B8 /* Resources */,
				D8739742EC877A3BF0EEC89E /* [CP] Embed Pods Frameworks */,
			);
			buildRules = (
			);
			dependencies = (
			);
			name = HackDuke_SymMom2;
			productName = HackDuke_SymMom2;
			productReference = 3184F93F257C0821005E73B8 /* HackDuke_SymMom2.app */;
			productType = "com.apple.product-type.application";
		};
/* End PBXNativeTarget section */

/* Begin PBXProject section */
		3184F937257C0821005E73B8 /* Project object */ = {
			isa = PBXProject;
			attributes = {
				LastSwiftUpdateCheck = 1160;
				LastUpgradeCheck = 1160;
				ORGANIZATIONNAME = "Hack Duke Keohane";
				TargetAttributes = {
					3184F93E257C0821005E73B8 = {
						CreatedOnToolsVersion = 11.6;
					};
				};
			};
			buildConfigurationList = 3184F93A257C0821005E73B8 /* Build configuration list for PBXProject "HackDuke_SymMom2" */;
			compatibilityVersion = "Xcode 9.3";
			developmentRegion = en;
			hasScannedForEncodings = 0;
			knownRegions = (
				en,
				Base,
			);
			mainGroup = 3184F936257C0821005E73B8;
			productRefGroup = 3184F940257C0821005E73B8 /* Products */;
			projectDirPath = "";
			projectRoot = "";
			targets = (
				3184F93E257C0821005E73B8 /* HackDuke_SymMom2 */,
			);
		};
/* End PBXProject section */

/* Begin PBXResourcesBuildPhase section */
		3184F93D257C0821005E73B8 /* Resources */ = {
			isa = PBXResourcesBuildPhase;
			buildActionMask = 2147483647;
			files = (
				3184F94F257C0823005E73B8 /* LaunchScreen.storyboard in Resources */,
				31C32727257C0F26009FCEAB /* GoogleService-Info.plist in Resources */,
				3184F94C257C0823005E73B8 /* Assets.xcassets in Resources */,
				3184F94A257C0821005E73B8 /* Main.storyboard in Resources */,
			);
			runOnlyForDeploymentPostprocessing = 0;
		};
/* End PBXResourcesBuildPhase section */

/* Begin PBXShellScriptBuildPhase section */
		B7E3C9B016A16DF565CF8C71 /* [CP] Check Pods Manifest.lock */ = {
			isa = PBXShellScriptBuildPhase;
			buildActionMask = 2147483647;
			files = (
			);
			inputFileListPaths = (
			);
			inputPaths = (
				"${PODS_PODFILE_DIR_PATH}/Podfile.lock",
				"${PODS_ROOT}/Manifest.lock",
			);
			name = "[CP] Check Pods Manifest.lock";
			outputFileListPaths = (
			);
			outputPaths = (
				"$(DERIVED_FILE_DIR)/Pods-HackDuke_SymMom2-checkManifestLockResult.txt",
			);
			runOnlyForDeploymentPostprocessing = 0;
			shellPath = /bin/sh;
			shellScript = "diff \"${PODS_PODFILE_DIR_PATH}/Podfile.lock\" \"${PODS_ROOT}/Manifest.lock\" > /dev/null\nif [ $? != 0 ] ; then\n    # print error to STDERR\n    echo \"error: The sandbox is not in sync with the Podfile.lock. Run 'pod install' or update your CocoaPods installation.\" >&2\n    exit 1\nfi\n# This output is used by Xcode 'outputs' to avoid re-running this script phase.\necho \"SUCCESS\" > \"${SCRIPT_OUTPUT_FILE_0}\"\n";
			showEnvVarsInLog = 0;
		};
		D8739742EC877A3BF0EEC89E /* [CP] Embed Pods Frameworks */ = {
			isa = PBXShellScriptBuildPhase;
			buildActionMask = 2147483647;
			files = (
			);
			inputFileListPaths = (
				"${PODS_ROOT}/Target Support Files/Pods-HackDuke_SymMom2/Pods-HackDuke_SymMom2-frameworks-${CONFIGURATION}-input-files.xcfilelist",
			);
			name = "[CP] Embed Pods Frameworks";
			outputFileListPaths = (
				"${PODS_ROOT}/Target Support Files/Pods-HackDuke_SymMom2/Pods-HackDuke_SymMom2-frameworks-${CONFIGURATION}-output-files.xcfilelist",
			);
			runOnlyForDeploymentPostprocessing = 0;
			shellPath = /bin/sh;
			shellScript = "\"${PODS_ROOT}/Target Support Files/Pods-HackDuke_SymMom2/Pods-HackDuke_SymMom2-frameworks.sh\"\n";
			showEnvVarsInLog = 0;
		};
/* End PBXShellScriptBuildPhase section */

/* Begin PBXSourcesBuildPhase section */
		3184F93B257C0821005E73B8 /* Sources */ = {
			isa = PBXSourcesBuildPhase;
			buildActionMask = 2147483647;
			files = (
				77947939257C9B020091B40E /* PatientSymptomsVC.swift in Sources */,
				7794794C257CA7F80091B40E /* SymptomsConfirmVC.swift in Sources */,
				3184F947257C0821005E73B8 /* ViewController.swift in Sources */,
				774F1725257C27C70046CC3E /* PatDocVC.swift in Sources */,
				31D6434E257C9DF800C9A38A /* PatientData.swift in Sources */,
				774F173C257C38D60046CC3E /* DoctorMenuVC.swift in Sources */,
				3184F943257C0821005E73B8 /* AppDelegate.swift in Sources */,
				774F1722257C20BE0046CC3E /* LoginVC.swift in Sources */,
				77947949257CA2770091B40E /* DoctorScheduleVC.swift in Sources */,
				3184F945257C0821005E73B8 /* SceneDelegate.swift in Sources */,
				7794794F257CA82F0091B40E /* DScheduleConfirmVC.swift in Sources */,
				774F1745257C3B5C0046CC3E /* DoctorLoginVC.swift in Sources */,
				774F1742257C3B2C0046CC3E /* PatientLoginVC.swift in Sources */,
				774F173F257C38E80046CC3E /* PatientMenuVC.swift in Sources */,
				31CCD87D257CB092001285B7 /* PatientAppt.swift in Sources */,
			);
			runOnlyForDeploymentPostprocessing = 0;
		};
/* End PBXSourcesBuildPhase section */

/* Begin PBXVariantGroup section */
		3184F948257C0821005E73B8 /* Main.storyboard */ = {
			isa = PBXVariantGroup;
			children = (
				3184F949257C0821005E73B8 /* Base */,
			);
			name = Main.storyboard;
			sourceTree = "<group>";
		};
		3184F94D257C0823005E73B8 /* LaunchScreen.storyboard */ = {
			isa = PBXVariantGroup;
			children = (
				3184F94E257C0823005E73B8 /* Base */,
			);
			name = LaunchScreen.storyboard;
			sourceTree = "<group>";
		};
/* End PBXVariantGroup section */

/* Begin XCBuildConfiguration section */
		3184F951257C0823005E73B8 /* Debug */ = {
			isa = XCBuildConfiguration;
			buildSettings = {
				ALWAYS_SEARCH_USER_PATHS = NO;
				CLANG_ANALYZER_NONNULL = YES;
				CLANG_ANALYZER_NUMBER_OBJECT_CONVERSION = YES_AGGRESSIVE;
				CLANG_CXX_LANGUAGE_STANDARD = "gnu++14";
				CLANG_CXX_LIBRARY = "libc++";
				CLANG_ENABLE_MODULES = YES;
				CLANG_ENABLE_OBJC_ARC = YES;
				CLANG_ENABLE_OBJC_WEAK = YES;
				CLANG_WARN_BLOCK_CAPTURE_AUTORELEASING = YES;
				CLANG_WARN_BOOL_CONVERSION = YES;
				CLANG_WARN_COMMA = YES;
				CLANG_WARN_CONSTANT_CONVERSION = YES;
				CLANG_WARN_DEPRECATED_OBJC_IMPLEMENTATIONS = YES;
				CLANG_WARN_DIRECT_OBJC_ISA_USAGE = YES_ERROR;
				CLANG_WARN_DOCUMENTATION_COMMENTS = YES;
				CLANG_WARN_EMPTY_BODY = YES;
				CLANG_WARN_ENUM_CONVERSION = YES;
				CLANG_WARN_INFINITE_RECURSION = YES;
				CLANG_WARN_INT_CONVERSION = YES;
				CLANG_WARN_NON_LITERAL_NULL_CONVERSION = YES;
				CLANG_WARN_OBJC_IMPLICIT_RETAIN_SELF = YES;
				CLANG_WARN_OBJC_LITERAL_CONVERSION = YES;
				CLANG_WARN_OBJC_ROOT_CLASS = YES_ERROR;
				CLANG_WARN_RANGE_LOOP_ANALYSIS = YES;
				CLANG_WARN_STRICT_PROTOTYPES = YES;
				CLANG_WARN_SUSPICIOUS_MOVE = YES;
				CLANG_WARN_UNGUARDED_AVAILABILITY = YES_AGGRESSIVE;
				CLANG_WARN_UNREACHABLE_CODE = YES;
				CLANG_WARN__DUPLICATE_METHOD_MATCH = YES;
				COPY_PHASE_STRIP = NO;
				DEBUG_INFORMATION_FORMAT = dwarf;
				ENABLE_STRICT_OBJC_MSGSEND = YES;
				ENABLE_TESTABILITY = YES;
				GCC_C_LANGUAGE_STANDARD = gnu11;
				GCC_DYNAMIC_NO_PIC = NO;
				GCC_NO_COMMON_BLOCKS = YES;
				GCC_OPTIMIZATION_LEVEL = 0;
				GCC_PREPROCESSOR_DEFINITIONS = (
					"DEBUG=1",
					"$(inherited)",
				);
				GCC_WARN_64_TO_32_BIT_CONVERSION = YES;
				GCC_WARN_ABOUT_RETURN_TYPE = YES_ERROR;
				GCC_WARN_UNDECLARED_SELECTOR = YES;
				GCC_WARN_UNINITIALIZED_AUTOS = YES_AGGRESSIVE;
				GCC_WARN_UNUSED_FUNCTION = YES;
				GCC_WARN_UNUSED_VARIABLE = YES;
				IPHONEOS_DEPLOYMENT_TARGET = 13.6;
				MTL_ENABLE_DEBUG_INFO = INCLUDE_SOURCE;
				MTL_FAST_MATH = YES;
				ONLY_ACTIVE_ARCH = YES;
				SDKROOT = iphoneos;
				SWIFT_ACTIVE_COMPILATION_CONDITIONS = DEBUG;
				SWIFT_OPTIMIZATION_LEVEL = "-Onone";
			};
			name = Debug;
		};
		3184F952257C0823005E73B8 /* Release */ = {
			isa = XCBuildConfiguration;
			buildSettings = {
				ALWAYS_SEARCH_USER_PATHS = NO;
				CLANG_ANALYZER_NONNULL = YES;
				CLANG_ANALYZER_NUMBER_OBJECT_CONVERSION = YES_AGGRESSIVE;
				CLANG_CXX_LANGUAGE_STANDARD = "gnu++14";
				CLANG_CXX_LIBRARY = "libc++";
				CLANG_ENABLE_MODULES = YES;
				CLANG_ENABLE_OBJC_ARC = YES;
				CLANG_ENABLE_OBJC_WEAK = YES;
				CLANG_WARN_BLOCK_CAPTURE_AUTORELEASING = YES;
				CLANG_WARN_BOOL_CONVERSION = YES;
				CLANG_WARN_COMMA = YES;
				CLANG_WARN_CONSTANT_CONVERSION = YES;
				CLANG_WARN_DEPRECATED_OBJC_IMPLEMENTATIONS = YES;
				CLANG_WARN_DIRECT_OBJC_ISA_USAGE = YES_ERROR;
				CLANG_WARN_DOCUMENTATION_COMMENTS = YES;
				CLANG_WARN_EMPTY_BODY = YES;
				CLANG_WARN_ENUM_CONVERSION = YES;
				CLANG_WARN_INFINITE_RECURSION = YES;
				CLANG_WARN_INT_CONVERSION = YES;
				CLANG_WARN_NON_LITERAL_NULL_CONVERSION = YES;
				CLANG_WARN_OBJC_IMPLICIT_RETAIN_SELF = YES;
				CLANG_WARN_OBJC_LITERAL_CONVERSION = YES;
				CLANG_WARN_OBJC_ROOT_CLASS = YES_ERROR;
				CLANG_WARN_RANGE_LOOP_ANALYSIS = YES;
				CLANG_WARN_STRICT_PROTOTYPES = YES;
				CLANG_WARN_SUSPICIOUS_MOVE = YES;
				CLANG_WARN_UNGUARDED_AVAILABILITY = YES_AGGRESSIVE;
				CLANG_WARN_UNREACHABLE_CODE = YES;
				CLANG_WARN__DUPLICATE_METHOD_MATCH = YES;
				COPY_PHASE_STRIP = NO;
				DEBUG_INFORMATION_FORMAT = "dwarf-with-dsym";
				ENABLE_NS_ASSERTIONS = NO;
				ENABLE_STRICT_OBJC_MSGSEND = YES;
				GCC_C_LANGUAGE_STANDARD = gnu11;
				GCC_NO_COMMON_BLOCKS = YES;
				GCC_WARN_64_TO_32_BIT_CONVERSION = YES;
				GCC_WARN_ABOUT_RETURN_TYPE = YES_ERROR;
				GCC_WARN_UNDECLARED_SELECTOR = YES;
				GCC_WARN_UNINITIALIZED_AUTOS = YES_AGGRESSIVE;
				GCC_WARN_UNUSED_FUNCTION = YES;
				GCC_WARN_UNUSED_VARIABLE = YES;
				IPHONEOS_DEPLOYMENT_TARGET = 13.6;
				MTL_ENABLE_DEBUG_INFO = NO;
				MTL_FAST_MATH = YES;
				SDKROOT = iphoneos;
				SWIFT_COMPILATION_MODE = wholemodule;
				SWIFT_OPTIMIZATION_LEVEL = "-O";
				VALIDATE_PRODUCT = YES;
			};
			name = Release;
		};
		3184F954257C0823005E73B8 /* Debug */ = {
			isa = XCBuildConfiguration;
			baseConfigurationReference = 3E6783DEC0379548956274D1 /* Pods-HackDuke_SymMom2.debug.xcconfig */;
			buildSettings = {
				ASSETCATALOG_COMPILER_APPICON_NAME = AppIcon;
				CODE_SIGN_ENTITLEMENTS = HackDuke_SymMom2/HackDuke_SymMom2.entitlements;
				CODE_SIGN_STYLE = Automatic;
				DEVELOPMENT_TEAM = QFWVZJCVKX;
				INFOPLIST_FILE = HackDuke_SymMom2/Info.plist;
				LD_RUNPATH_SEARCH_PATHS = (
					"$(inherited)",
					"@executable_path/Frameworks",
				);
				PRODUCT_BUNDLE_IDENTIFIER = "bluqiu.HackDuke-SymMom2";
				PRODUCT_NAME = "$(TARGET_NAME)";
				SWIFT_VERSION = 5.0;
				TARGETED_DEVICE_FAMILY = "1,2";
			};
			name = Debug;
		};
		3184F955257C0823005E73B8 /* Release */ = {
			isa = XCBuildConfiguration;
			baseConfigurationReference = E1D64D9D39B68314811E6E47 /* Pods-HackDuke_SymMom2.release.xcconfig */;
			buildSettings = {
				ASSETCATALOG_COMPILER_APPICON_NAME = AppIcon;
				CODE_SIGN_ENTITLEMENTS = HackDuke_SymMom2/HackDuke_SymMom2.entitlements;
				CODE_SIGN_STYLE = Automatic;
				DEVELOPMENT_TEAM = QFWVZJCVKX;
				INFOPLIST_FILE = HackDuke_SymMom2/Info.plist;
				LD_RUNPATH_SEARCH_PATHS = (
					"$(inherited)",
					"@executable_path/Frameworks",
				);
				PRODUCT_BUNDLE_IDENTIFIER = "bluqiu.HackDuke-SymMom2";
				PRODUCT_NAME = "$(TARGET_NAME)";
				SWIFT_VERSION = 5.0;
				TARGETED_DEVICE_FAMILY = "1,2";
			};
			name = Release;
		};
/* End XCBuildConfiguration section */

/* Begin XCConfigurationList section */
		3184F93A257C0821005E73B8 /* Build configuration list for PBXProject "HackDuke_SymMom2" */ = {
			isa = XCConfigurationList;
			buildConfigurations = (
				3184F951257C0823005E73B8 /* Debug */,
				3184F952257C0823005E73B8 /* Release */,
			);
			defaultConfigurationIsVisible = 0;
			defaultConfigurationName = Release;
		};
		3184F953257C0823005E73B8 /* Build configuration list for PBXNativeTarget "HackDuke_SymMom2" */ = {
			isa = XCConfigurationList;
			buildConfigurations = (
				3184F954257C0823005E73B8 /* Debug */,
				3184F955257C0823005E73B8 /* Release */,
			);
			defaultConfigurationIsVisible = 0;
			defaultConfigurationName = Release;
		};
/* End XCConfigurationList section */
	};
	rootObject = 3184F937257C0821005E73B8 /* Project object */;
}
